{
  "version": "2",
  "remote": {
    "https://deno.land/std@0.165.0/_util/asserts.ts": "d0844e9b62510f89ce1f9878b046f6a57bf88f208a10304aab50efcb48365272",
    "https://deno.land/std@0.165.0/_util/os.ts": "8a33345f74990e627b9dfe2de9b040004b08ea5146c7c9e8fe9a29070d193934",
    "https://deno.land/std@0.165.0/fmt/colors.ts": "9e36a716611dcd2e4865adea9c4bec916b5c60caad4cdcdc630d4974e6bb8bd4",
    "https://deno.land/std@0.165.0/fs/_util.ts": "fdc156f897197f261a1c096dcf8ff9267ed0ff42bd5b31f55053a4763a4bae3b",
    "https://deno.land/std@0.165.0/fs/copy.ts": "37ad2d3390a672a34baf7d16a8623238906a1ee9b2c5fffc8efaa97810f4e6a9",
    "https://deno.land/std@0.165.0/fs/empty_dir.ts": "c15a0aaaf40f8c21cca902aa1e01a789ad0c2fd1b7e2eecf4957053c5dbf707f",
    "https://deno.land/std@0.165.0/fs/ensure_dir.ts": "76395fc1c989ca8d2de3aedfa8240eb8f5225cde20f926de957995b063135b80",
    "https://deno.land/std@0.165.0/fs/ensure_file.ts": "b8e32ea63aa21221d0219760ba3f741f682d7f7d68d0d24a3ec067c338568152",
    "https://deno.land/std@0.165.0/fs/ensure_link.ts": "5cc1c04f18487d7d1edf4c5469705f30b61390ffd24ad7db6df85e7209b32bb2",
    "https://deno.land/std@0.165.0/fs/ensure_symlink.ts": "5273557b8c50be69477aa9cb003b54ff2240a336db52a40851c97abce76b96ab",
    "https://deno.land/std@0.165.0/fs/eol.ts": "65b1e27320c3eec6fb653b27e20056ee3d015d3e91db388cfefa41616ebc7cb3",
    "https://deno.land/std@0.165.0/fs/exists.ts": "6a447912e49eb79cc640adacfbf4b0baf8e17ede6d5bed057062ce33c4fa0d68",
    "https://deno.land/std@0.165.0/fs/expand_glob.ts": "d08678afa768881b055bdfb5cebe4f089f8db4513a4d2b0bbe748f5870d77ce3",
    "https://deno.land/std@0.165.0/fs/mod.ts": "354a6f972ef4e00c4dd1f1339a8828ef0764c1c23d3c0010af3fcc025d8655b0",
    "https://deno.land/std@0.165.0/fs/move.ts": "6d7fa9da60dbc7a32dd7fdbc2ff812b745861213c8e92ba96dace0669b0c378c",
    "https://deno.land/std@0.165.0/fs/walk.ts": "0a754cc4696a15bdb175380a4b7deff3eb65be9768cb11d91a4138beee35c2d7",
    "https://deno.land/std@0.165.0/path/_constants.ts": "df1db3ffa6dd6d1252cc9617e5d72165cd2483df90e93833e13580687b6083c3",
    "https://deno.land/std@0.165.0/path/_interface.ts": "ee3b431a336b80cf445441109d089b70d87d5e248f4f90ff906820889ecf8d09",
    "https://deno.land/std@0.165.0/path/_util.ts": "d16be2a16e1204b65f9d0dfc54a9bc472cafe5f4a190b3c8471ec2016ccd1677",
    "https://deno.land/std@0.165.0/path/common.ts": "bee563630abd2d97f99d83c96c2fa0cca7cee103e8cb4e7699ec4d5db7bd2633",
    "https://deno.land/std@0.165.0/path/glob.ts": "cb5255638de1048973c3e69e420c77dc04f75755524cb3b2e160fe9277d939ee",
    "https://deno.land/std@0.165.0/path/mod.ts": "56fec03ad0ebd61b6ab39ddb9b0ddb4c4a5c9f2f4f632e09dd37ec9ebfd722ac",
    "https://deno.land/std@0.165.0/path/posix.ts": "6b63de7097e68c8663c84ccedc0fd977656eb134432d818ecd3a4e122638ac24",
    "https://deno.land/std@0.165.0/path/separator.ts": "fe1816cb765a8068afb3e8f13ad272351c85cbc739af56dacfc7d93d710fe0f9",
    "https://deno.land/std@0.165.0/path/win32.ts": "7cebd2bda6657371adc00061a1d23fdd87bcdf64b4843bb148b0b24c11b40f69",
    "https://deno.land/std@0.165.0/testing/_diff.ts": "a23e7fc2b4d8daa3e158fa06856bedf5334ce2a2831e8bf9e509717f455adb2c",
    "https://deno.land/std@0.165.0/testing/_format.ts": "cd11136e1797791045e639e9f0f4640d5b4166148796cad37e6ef75f7d7f3832",
    "https://deno.land/std@0.165.0/testing/asserts.ts": "1e340c589853e82e0807629ba31a43c84ebdcdeca910c4a9705715dfdb0f5ce8",
    "https://deno.land/std@0.165.0/testing/snapshot.ts": "33fdde49f8797742a96d95553bd5282bbcf1b76c5494c7513a2958cc18423db1",
    "https://deno.land/std@0.167.0/_util/asserts.ts": "d0844e9b62510f89ce1f9878b046f6a57bf88f208a10304aab50efcb48365272",
    "https://deno.land/std@0.167.0/_util/os.ts": "8a33345f74990e627b9dfe2de9b040004b08ea5146c7c9e8fe9a29070d193934",
    "https://deno.land/std@0.167.0/fmt/colors.ts": "03ad95e543d2808bc43c17a3dd29d25b43d0f16287fe562a0be89bf632454a12",
    "https://deno.land/std@0.167.0/fs/_util.ts": "fdc156f897197f261a1c096dcf8ff9267ed0ff42bd5b31f55053a4763a4bae3b",
    "https://deno.land/std@0.167.0/fs/copy.ts": "c6303e52f544c81271c929931f5b59c9cfa4f81930719d2d3f777188c38aac9f",
    "https://deno.land/std@0.167.0/fs/empty_dir.ts": "453d6232ff109f2afb5e57ec14c3228e399205c1b408d85536aed7230290c414",
    "https://deno.land/std@0.167.0/fs/ensure_dir.ts": "5e9e3d7da7fc5b5e391e6d9ccead17086d76e82fb46ccc7cc9b9ee3491bab6e0",
    "https://deno.land/std@0.167.0/fs/ensure_file.ts": "76ef3a8ebef60d8da1fc4316fcb8e20c1b6f52b1baed3a9692ad3b0d1a9a1b03",
    "https://deno.land/std@0.167.0/fs/ensure_link.ts": "adc8919063e26819f5971a0010fedc1bfd71d6350a24db1a36dff432bc35c7d7",
    "https://deno.land/std@0.167.0/fs/ensure_symlink.ts": "5273557b8c50be69477aa9cb003b54ff2240a336db52a40851c97abce76b96ab",
    "https://deno.land/std@0.167.0/fs/eol.ts": "6e784ff8120c8d5589cb258e56dc39bc5b408ac9827a2e914163cbf9f2e3ce92",
    "https://deno.land/std@0.167.0/fs/exists.ts": "6a447912e49eb79cc640adacfbf4b0baf8e17ede6d5bed057062ce33c4fa0d68",
    "https://deno.land/std@0.167.0/fs/expand_glob.ts": "3a92ee4921d2b063b8dfefd1d87c35bf81126f0f1cb16e5a0f4e9ecb88ec6fe3",
    "https://deno.land/std@0.167.0/fs/mod.ts": "79c209c6e66903b3426f9245a4f216380a0ed47ffe9d253f5a61a0bc9ad1f314",
    "https://deno.land/std@0.167.0/fs/move.ts": "02ab1fc9b744da8b496f406e9fc77b0bf7960b6faaa7ec9f5fb0a129e5bef215",
    "https://deno.land/std@0.167.0/fs/walk.ts": "677eac2e5386217a7a4e7526769ae28b41ff4ae7a3cd0389f3aa4eb662545edd",
    "https://deno.land/std@0.167.0/path/_constants.ts": "df1db3ffa6dd6d1252cc9617e5d72165cd2483df90e93833e13580687b6083c3",
    "https://deno.land/std@0.167.0/path/_interface.ts": "ee3b431a336b80cf445441109d089b70d87d5e248f4f90ff906820889ecf8d09",
    "https://deno.land/std@0.167.0/path/_util.ts": "d16be2a16e1204b65f9d0dfc54a9bc472cafe5f4a190b3c8471ec2016ccd1677",
    "https://deno.land/std@0.167.0/path/common.ts": "bee563630abd2d97f99d83c96c2fa0cca7cee103e8cb4e7699ec4d5db7bd2633",
    "https://deno.land/std@0.167.0/path/glob.ts": "81cc6c72be002cd546c7a22d1f263f82f63f37fe0035d9726aa96fc8f6e4afa1",
    "https://deno.land/std@0.167.0/path/mod.ts": "cf7cec7ac11b7048bb66af8ae03513e66595c279c65cfa12bfc07d9599608b78",
    "https://deno.land/std@0.167.0/path/posix.ts": "b859684bc4d80edfd4cad0a82371b50c716330bed51143d6dcdbe59e6278b30c",
    "https://deno.land/std@0.167.0/path/separator.ts": "fe1816cb765a8068afb3e8f13ad272351c85cbc739af56dacfc7d93d710fe0f9",
    "https://deno.land/std@0.167.0/path/win32.ts": "7cebd2bda6657371adc00061a1d23fdd87bcdf64b4843bb148b0b24c11b40f69",
    "https://deno.land/std@0.167.0/testing/_diff.ts": "a23e7fc2b4d8daa3e158fa06856bedf5334ce2a2831e8bf9e509717f455adb2c",
    "https://deno.land/std@0.167.0/testing/_format.ts": "cd11136e1797791045e639e9f0f4640d5b4166148796cad37e6ef75f7d7f3832",
    "https://deno.land/std@0.167.0/testing/asserts.ts": "51353e79437361d4b02d8e32f3fc83b22231bc8f8d4c841d86fd32b0b0afe940",
    "https://deno.land/std@0.167.0/testing/snapshot.ts": "721480723b386ce4c4082de51892ecbdf6a900ef5d8878f78d15938165b251f4",
    "https://deno.land/x/simplestatistics@v7.8.0/index.js": "910349f1d3e724c48f62812632c045ea028735fbf49aeab805a1bd739d3fa1b7",
    "https://deno.land/x/simplestatistics@v7.8.0/src/add_to_mean.js": "ee98b19a71b90166858f435466c9f1efc4006aa5fc8dcf8f333252d9548ca2db",
    "https://deno.land/x/simplestatistics@v7.8.0/src/approx_equal.js": "1bb99b894c341a71bc43b7a4905ca6bf50f087be8502d1ae89d9e6354c286d2b",
    "https://deno.land/x/simplestatistics@v7.8.0/src/bayesian_classifier.js": "43d28191caa4631fc5653dbd33a34872c26d45ebf04fe341e347a3af1e6583aa",
    "https://deno.land/x/simplestatistics@v7.8.0/src/bernoulli_distribution.js": "61ddf74a98237eef1f1a2c2d747eac5cfcfcb72c7468896d4bb16cb232c3455c",
    "https://deno.land/x/simplestatistics@v7.8.0/src/binomial_distribution.js": "908f96f95362c0ca2e4b9a1a6db8e5f0234c1a17d27b07f8e9bc611a5d99a1c4",
    "https://deno.land/x/simplestatistics@v7.8.0/src/bisect.js": "798ca3324571286e5201dba1c06c500a06bc6e6d0558be6f961bc3875e0a7635",
    "https://deno.land/x/simplestatistics@v7.8.0/src/chi_squared_distribution_table.js": "e4669a30c588149c0a0468a67a04ea51c5113388ab884f865f740112beddc0c0",
    "https://deno.land/x/simplestatistics@v7.8.0/src/chi_squared_goodness_of_fit.js": "cbe53977a73a7bd7036de336d7cd9edac43e89dba3fb677a468887aff4c978ac",
    "https://deno.land/x/simplestatistics@v7.8.0/src/chunk.js": "840e65c63ada9434319f68548d5079040031a72da18bb17d1821014c08ad43b6",
    "https://deno.land/x/simplestatistics@v7.8.0/src/ckmeans.js": "ee2b9fc92ffce582327fa365be9e294c1a69e5df2694a645ad50a02f935a7955",
    "https://deno.land/x/simplestatistics@v7.8.0/src/coefficient_of_variation.js": "414a58d7631431f9bc17d1eef0ce1dc2a40487ce19ec0369f97b2085b82a94b7",
    "https://deno.land/x/simplestatistics@v7.8.0/src/combinations.js": "87d824495684e6f752bd82345cc86b709aecc26f28aef6b31ed07691dfc6aca0",
    "https://deno.land/x/simplestatistics@v7.8.0/src/combinations_replacement.js": "8320492b0e27bf05b087fd4fba768078789b34f8fb210f2d8fc749dc8269e36d",
    "https://deno.land/x/simplestatistics@v7.8.0/src/combine_means.js": "ca6ddfa5ee893e7020e892eb25ea97c7c8f8453996867c3a92eb468629a78d41",
    "https://deno.land/x/simplestatistics@v7.8.0/src/combine_variances.js": "dd5182ee5f878585e61f84a436e8f4fe2f8312a99a2f4aa9f345b51924a1338c",
    "https://deno.land/x/simplestatistics@v7.8.0/src/cumulative_std_logistic_probability.js": "9810bf87043c93be9dd9e2fe23fc9ff8e8160a966d0ee7e2596e14e0a4b062f3",
    "https://deno.land/x/simplestatistics@v7.8.0/src/cumulative_std_normal_probability.js": "5d0bddd3516dca1e38e16a7af555f14e4e8ef78cd7336a2279c1260fe52c614a",
    "https://deno.land/x/simplestatistics@v7.8.0/src/epsilon.js": "e0c873f987be01822b40e77d9e1e54ad556f28e1519c6d91f78888649faec01c",
    "https://deno.land/x/simplestatistics@v7.8.0/src/equal_interval_breaks.js": "dc0d3c8e8f5497de098eb607afa95b9aaf3f6e0bea31c9ec5623c199ca683a97",
    "https://deno.land/x/simplestatistics@v7.8.0/src/error_function.js": "7be19a0c181620f14e3a2f536d0487f2d5a2b3baa4fc6c3c38d6c8958e3fc88e",
    "https://deno.land/x/simplestatistics@v7.8.0/src/euclidean_distance.js": "ca74f0a5eacb306ec80377c95fb57e93ed481823c748e69640ffe34246d80b96",
    "https://deno.land/x/simplestatistics@v7.8.0/src/extent.js": "bd6c4afc9819ad6dc33a310a570fdb5bcd0068c976657521df00e74e4b31fd29",
    "https://deno.land/x/simplestatistics@v7.8.0/src/extent_sorted.js": "f8385d945241c591d66a5d4d66cae70505a35c6c3fa9cb61afcf062f6dd8137d",
    "https://deno.land/x/simplestatistics@v7.8.0/src/factorial.js": "e6f9241e3747cc2064f8a784827135a47c04310918a63ab3270a89290e495cda",
    "https://deno.land/x/simplestatistics@v7.8.0/src/gamma.js": "c81ddcfa8958d03240d66e652a8e39a4e0992a320f280e450f8459580a4ab882",
    "https://deno.land/x/simplestatistics@v7.8.0/src/gammaln.js": "0cfa3aaa730ce0584b24f3f0c999d4c19ae23ec435e11f776bb22999a6917b17",
    "https://deno.land/x/simplestatistics@v7.8.0/src/geometric_mean.js": "d3aa9c6be9379a781c891fbf541871e93479479aa1792dd0aae7721ce5cb05c0",
    "https://deno.land/x/simplestatistics@v7.8.0/src/harmonic_mean.js": "c0bcedc78add016bd1f22ce9eb1a417363ac72d8cb5c0e7dfa4c74062a19f71d",
    "https://deno.land/x/simplestatistics@v7.8.0/src/interquartile_range.js": "b3831148319ad51ef94c61b9975e7f3a2157aa5c48a37ffddd81b122df11dfba",
    "https://deno.land/x/simplestatistics@v7.8.0/src/inverse_error_function.js": "f55e866bc4e24e374c2352923f41d36ea39efbeb860a96a5c39a62e12164c577",
    "https://deno.land/x/simplestatistics@v7.8.0/src/jenks.js": "ef4b44987d575cfe9d3dc26009e5f0f2536f1d8a36c3d8d9ad0b5654d40dc0f4",
    "https://deno.land/x/simplestatistics@v7.8.0/src/jenks_breaks.js": "46d990458687f733e340b0c1cc9275d0a77bc966627e9f3e1859cada86607715",
    "https://deno.land/x/simplestatistics@v7.8.0/src/jenks_matrices.js": "462bd7056875729c412a0af67db42216b90e63d17c6a6156c76a30f279f81005",
    "https://deno.land/x/simplestatistics@v7.8.0/src/k_means_cluster.js": "c08da1b99709ad069c95f8364d44d40cd86f2f9d36dd67cc7247240f2d47ff77",
    "https://deno.land/x/simplestatistics@v7.8.0/src/kernel_density_estimation.js": "474bd32e2cd9ca0f898d7df465e1770bec7c14a279e5abcc19fef65e1f3a5d66",
    "https://deno.land/x/simplestatistics@v7.8.0/src/linear_regression.js": "ba5327c62925bee6311a813009982761a148becd75f8a50d3fe4255ee1753455",
    "https://deno.land/x/simplestatistics@v7.8.0/src/linear_regression_line.js": "50955bcbbc314c35612645f715712c48527825e22d73b81b00897ac460e76bb3",
    "https://deno.land/x/simplestatistics@v7.8.0/src/log_average.js": "400645b93e92520da4dd557216effd96ea5d9fcce2a7a9e8dff7bd7cc327e589",
    "https://deno.land/x/simplestatistics@v7.8.0/src/logit.js": "18d643261daf146e9a81384f9d0b0dffc880ad65adce01cf86b3bbd46a1b762d",
    "https://deno.land/x/simplestatistics@v7.8.0/src/make_matrix.js": "ec3418d6367b789f539518e0aad8ba05a77fb83757bf9962a39d2960224d3186",
    "https://deno.land/x/simplestatistics@v7.8.0/src/max.js": "06ebbdfdfc5bd7d3044b60751671b4963e37004d0d2bc6d061db5fd59a2d5557",
    "https://deno.land/x/simplestatistics@v7.8.0/src/max_sorted.js": "131998fd86021fab3924bc1e2b667c4db3de59bd650e68cb8404681d2ff2cb80",
    "https://deno.land/x/simplestatistics@v7.8.0/src/mean.js": "4e97c82d8904d5e36a9bcba31eae1feb71a0b561b7ef57583120aa9bdb422baf",
    "https://deno.land/x/simplestatistics@v7.8.0/src/mean_simple.js": "45e41b99be25c8615bbfa26700c4047a7ddb7a41c2cceae52576828ce2e60b94",
    "https://deno.land/x/simplestatistics@v7.8.0/src/median.js": "fd6fe893ec2c55a46143828f6c4f715ba2db8c8640a003a3b306138c5cbf1142",
    "https://deno.land/x/simplestatistics@v7.8.0/src/median_absolute_deviation.js": "2c834c07df1279f14b880f5da2c962a5a91ad12dd2c606da6c6d528611632004",
    "https://deno.land/x/simplestatistics@v7.8.0/src/median_sorted.js": "6f3d4913cd57434183da0c03c1a7fd4e93377eafb535e56a501dfba85f01291b",
    "https://deno.land/x/simplestatistics@v7.8.0/src/min.js": "f1829126d3c9936a1657cd921f02b2a51a56f56a0d36b5a29150a1c7dd5e658d",
    "https://deno.land/x/simplestatistics@v7.8.0/src/min_sorted.js": "f119b5b74894c7294a4d204f05a0d9d2435562312bebb9b2ea84f981c661c57b",
    "https://deno.land/x/simplestatistics@v7.8.0/src/mode.js": "d03a7a5b38bc435a0141b02acb56e74bee83b16e314880c43db1adefd18533b9",
    "https://deno.land/x/simplestatistics@v7.8.0/src/mode_fast.js": "43fe2a46859dee968c3a3587617713611081a853404ba32eded9724177db1aca",
    "https://deno.land/x/simplestatistics@v7.8.0/src/mode_sorted.js": "b96e305028c418c412189822c6db03ae11b8f15fff91b86171709605210f7447",
    "https://deno.land/x/simplestatistics@v7.8.0/src/numeric_sort.js": "66acc811fade552457b3d1ec124bd76fa0894875a0d0dca4fc6d985a74c61e66",
    "https://deno.land/x/simplestatistics@v7.8.0/src/perceptron.js": "f61a08b56bc33a85023a2f1fabaca9050be7b7b18626232875b8a5590018c842",
    "https://deno.land/x/simplestatistics@v7.8.0/src/permutation_test.js": "db1e0afa0007a81b62519946c3f51a7703caa4e3cb975a9f367474ee68d54874",
    "https://deno.land/x/simplestatistics@v7.8.0/src/permutations_heap.js": "a09a41da2893d7414f21cda07e148b9d9f94b0d390bc363c1c693a1b9de0b735",
    "https://deno.land/x/simplestatistics@v7.8.0/src/poisson_distribution.js": "4900bbaebaf29fbd3266ade2cbb0df7d61c363882f05dec9afff3cb93c66db97",
    "https://deno.land/x/simplestatistics@v7.8.0/src/probit.js": "dd8a9846e2bff250770358ebb175e5b536541be5b49ae1effabb9144d18e26f1",
    "https://deno.land/x/simplestatistics@v7.8.0/src/product.js": "ebd911ec4fd7bb4d989544e935351982c8a1c5475da7df6afbe584b668b0f9e5",
    "https://deno.land/x/simplestatistics@v7.8.0/src/quantile.js": "dc0eb065c2a93fca2ce8c4b35eed8c466be6f2c7f663426ce4a2d4b11d97cce0",
    "https://deno.land/x/simplestatistics@v7.8.0/src/quantile_rank.js": "f00e203206bda1e6844c3c0392e079645c68d813ee44a27307372745d169bab6",
    "https://deno.land/x/simplestatistics@v7.8.0/src/quantile_rank_sorted.js": "7930bf8cfd86be704413b057237920d1dfd60b56e37c0d261b4bfb446b9ccfff",
    "https://deno.land/x/simplestatistics@v7.8.0/src/quantile_sorted.js": "e6c59774fd4ea205ef10f521fb62df18d7f19d297af92da50efdfda276d79fca",
    "https://deno.land/x/simplestatistics@v7.8.0/src/quickselect.js": "f1a8cb958cbc3c94a98b43e1007d74f9144f2d6f60e804fbe81e7184289c39fd",
    "https://deno.land/x/simplestatistics@v7.8.0/src/r_squared.js": "eaaf62336697dfb5af441b08b644d557c816a668b7ad198cd03cdf2c88c90965",
    "https://deno.land/x/simplestatistics@v7.8.0/src/relative_error.js": "ae6d199a34e2a06df38fc61913a000e782e10ae7813506a66c5efb9225bd990a",
    "https://deno.land/x/simplestatistics@v7.8.0/src/root_mean_square.js": "428bfb939f52b16b58b3c003477a1e2fa2d283937be5d44b2e26caa2432e773b",
    "https://deno.land/x/simplestatistics@v7.8.0/src/sample.js": "634f87a8723f645113376f39036261922a47eb8b2bb50ad5dceedb4033d6d1d6",
    "https://deno.land/x/simplestatistics@v7.8.0/src/sample_correlation.js": "d095bc9d27dc2558e3019ff953467bc6abef49be18046a877dcb1a6f0cac61db",
    "https://deno.land/x/simplestatistics@v7.8.0/src/sample_covariance.js": "0648359ae115550fac21203c6764d29ebe8fe0138326c25ed5da048bffc37f1b",
    "https://deno.land/x/simplestatistics@v7.8.0/src/sample_kurtosis.js": "0f4615396f0efc0c102a1daf8ea1c3de8e9e3c4cee6cf99c358bc206d5a0604c",
    "https://deno.land/x/simplestatistics@v7.8.0/src/sample_rank_correlation.js": "b8a8c4c5fc6e034a726e1a9497465af167d42615d8a90e10874c4aa855af9a7d",
    "https://deno.land/x/simplestatistics@v7.8.0/src/sample_skewness.js": "3b6a83858577a58e0c656ff69ef6d8b3f9bcb69473c5058e8a09f4a8f4c6a42d",
    "https://deno.land/x/simplestatistics@v7.8.0/src/sample_standard_deviation.js": "5891d21d7ff63ff56885df48f76febbafd4d345d0527b942d9688d55cca56a05",
    "https://deno.land/x/simplestatistics@v7.8.0/src/sample_variance.js": "7d96445da71ee0da3f35d669723e60b8e39b728861fdc11a698d8c8383747b31",
    "https://deno.land/x/simplestatistics@v7.8.0/src/sample_with_replacement.js": "113402c1354c535b2aeae26f12fd47ded69f77abf1a2c8c1fc7f0b0059bb83db",
    "https://deno.land/x/simplestatistics@v7.8.0/src/shuffle.js": "73249e2b32d173045b7c182d6445ff6a17d5f0c6e18f27b04790213e5136c003",
    "https://deno.land/x/simplestatistics@v7.8.0/src/shuffle_in_place.js": "620ff84d579f210489ddcc8775dc90a3ed87817f7d9f45743a03b89a964188d8",
    "https://deno.land/x/simplestatistics@v7.8.0/src/sign.js": "768ba17e8d846537bff3b1b45a7da6742778d9328801c84bd54d63201d2e2d6e",
    "https://deno.land/x/simplestatistics@v7.8.0/src/silhouette.js": "9fa9e3f6ba58597f677dd8c945527bd831bc4978ab1d22eab2229366a5264bb5",
    "https://deno.land/x/simplestatistics@v7.8.0/src/silhouette_metric.js": "83e8319820e63a06e5431458399c355de026730b29ca7c0ed8243cecb3ab93de",
    "https://deno.land/x/simplestatistics@v7.8.0/src/standard_deviation.js": "de85cd2f720b3d7a4c53bbd82bd7d8df120587d64c2a5d1143862e9b19d72c71",
    "https://deno.land/x/simplestatistics@v7.8.0/src/standard_normal_table.js": "1d159543c44abf956203c7437db2fc6d11847a546185556e68f6f16a4c51d060",
    "https://deno.land/x/simplestatistics@v7.8.0/src/subtract_from_mean.js": "19edebd765623dc214eb20dcf68d6f0e8666b0ff606aeda352d43384f37c363b",
    "https://deno.land/x/simplestatistics@v7.8.0/src/sum.js": "7e57e6eb2bbba38605e07461028df458ec990d03113e84720779d11f65eb188e",
    "https://deno.land/x/simplestatistics@v7.8.0/src/sum_nth_power_deviations.js": "8d3be8162425966d7877704e73e6b68482f5af8126d5d777ad3b1a986ff15788",
    "https://deno.land/x/simplestatistics@v7.8.0/src/sum_simple.js": "5f1f9b19774515e9a717d1d983c5f195f5a36d5c6ff5d06fdea67c7f8a5dc7a5",
    "https://deno.land/x/simplestatistics@v7.8.0/src/t_test.js": "c4ac53e4213e32f3563b54594c8c24e559f96d2590b5fb266407d8f1959c2ffa",
    "https://deno.land/x/simplestatistics@v7.8.0/src/t_test_two_sample.js": "7fc6ffb3e983bf24a2a689334307bde887b1ed02e9de3c8655d953b62a8b94e7",
    "https://deno.land/x/simplestatistics@v7.8.0/src/unique_count_sorted.js": "23d2b2fefb0f8f8a237be02ff8241e0285529b4393e93239ccca93a1fae7ef97",
    "https://deno.land/x/simplestatistics@v7.8.0/src/variance.js": "9be8753e9986942635de5bb9ccb7b0367a9414d2cf656a53e6467d96c10d5cbb",
    "https://deno.land/x/simplestatistics@v7.8.0/src/wilcoxon_rank_sum.js": "55d72eb45a43c60bf24ab4cb114ad41f6e61724dd5fa8300413b538f3263687b",
    "https://deno.land/x/simplestatistics@v7.8.0/src/z_score.js": "6c223c53fb6551689ea5dca33e5405a95456bd851de155bfaa6b142b6949bc60"
  },
  "npm": {
    "specifiers": {
      "@aws-cdk/aws-kinesisfirehose-alpha@2.50.0-alpha.0": "@aws-cdk/aws-kinesisfirehose-alpha@2.50.0-alpha.0_aws-cdk-lib@2.50.0_constructs@10.1.83",
      "@aws-cdk/aws-kinesisfirehose-destinations-alpha@2.50.0-alpha.0": "@aws-cdk/aws-kinesisfirehose-destinations-alpha@2.50.0-alpha.0_@aws-cdk+aws-kinesisfirehose-alpha@2.50.0-alpha.0__aws-cdk-lib@2.50.0__constructs@10.1.83_aws-cdk-lib@2.50.0_constructs@10.1.83",
      "aws-cdk": "aws-cdk@2.51.1",
      "aws-cdk-lib": "aws-cdk-lib@2.50.0_constructs@10.1.83",
      "aws-cdk-lib@2.50.0": "aws-cdk-lib@2.50.0_constructs@10.1.83",
      "constructs@10.1.83": "constructs@10.1.83"
    },
    "packages": {
      "@aws-cdk/aws-kinesisfirehose-alpha@2.50.0-alpha.0_aws-cdk-lib@2.50.0_constructs@10.1.83": {
        "integrity": "sha512-IBGMaOua0bPQ79c52W4sikL5V8FivXgje3S/fjX9PXVhoqEBQqu5sEVR0y8qlfqeyIvu1b9zj+vpJLS8YVx4EQ==",
        "dependencies": {
          "aws-cdk-lib": "aws-cdk-lib@2.50.0_constructs@10.1.83",
          "constructs": "constructs@10.1.83"
        }
      },
      "@aws-cdk/aws-kinesisfirehose-destinations-alpha@2.50.0-alpha.0_@aws-cdk+aws-kinesisfirehose-alpha@2.50.0-alpha.0__aws-cdk-lib@2.50.0__constructs@10.1.83_aws-cdk-lib@2.50.0_constructs@10.1.83": {
        "integrity": "sha512-7zsN7LwwbA2kNI3NyvxqUPZJobLCaC4KDpAcIYgtuBXCnYh2uKaIdbsd3nIYHi9mymr7yugYZxwYuBJSE2UwsQ==",
        "dependencies": {
          "@aws-cdk/aws-kinesisfirehose-alpha": "@aws-cdk/aws-kinesisfirehose-alpha@2.50.0-alpha.0_aws-cdk-lib@2.50.0_constructs@10.1.83",
          "aws-cdk-lib": "aws-cdk-lib@2.50.0_constructs@10.1.83",
          "constructs": "constructs@10.1.83"
        }
      },
      "@balena/dockerignore@1.0.2": {
        "integrity": "sha512-wMue2Sy4GAVTk6Ic4tJVcnfdau+gx2EnG7S+uAEe+TWJFqE4YoWN4/H8MSLj4eYJKxGg26lZwboEniNiNwZQ6Q==",
        "dependencies": {}
      },
      "at-least-node@1.0.0": {
        "integrity": "sha512-+q/t7Ekv1EDY2l6Gda6LLiX14rU9TV20Wa3ofeQmwPFZbOMo9DXrLbOjFaaclkXKWidIaopwAObQDqwWtGUjqg==",
        "dependencies": {}
      },
      "aws-cdk-lib@2.50.0_constructs@10.1.83": {
        "integrity": "sha512-deDbZTI7oyu3rqUyqjwhP6tnUO8MD70lE98yR65xiYty4yXBpsWKbeH3s1wNLpLAWS3hWJYyMtjZ4ZfC35NtVg==",
        "dependencies": {
          "@balena/dockerignore": "@balena/dockerignore@1.0.2",
          "case": "case@1.6.3",
          "constructs": "constructs@10.1.83",
          "fs-extra": "fs-extra@9.1.0",
          "ignore": "ignore@5.2.0",
          "jsonschema": "jsonschema@1.4.1",
          "minimatch": "minimatch@3.1.2",
          "punycode": "punycode@2.1.1",
          "semver": "semver@7.3.8",
          "yaml": "yaml@1.10.2"
        }
      },
      "aws-cdk@2.51.1": {
        "integrity": "sha512-c60bIcMfe/gn4qkw/TZvqw+DxVGFn25D624RcciLxIAI/t9v2taaPfIdlCVXDSr3qfy0Oc7GpEh3jL9I/RpVFw==",
        "dependencies": { "fsevents": "fsevents@2.3.2" }
      },
      "balanced-match@1.0.2": {
        "integrity": "sha512-3oSeUO0TMV67hN1AmbXsK4yaqU7tjiHlbxRDZOpH0KW9+CeX4bRAaX0Anxt0tx2MrpRpWwQaPwIlISEJhYU5Pw==",
        "dependencies": {}
      },
      "brace-expansion@1.1.11": {
        "integrity": "sha512-iCuPHDFgrHX7H2vEI/5xpz07zSHB00TpugqhmYtVmMO6518mCuRMoOYFldEBl0g187ufozdaHgWKcYFb61qGiA==",
        "dependencies": {
          "balanced-match": "balanced-match@1.0.2",
          "concat-map": "concat-map@0.0.1"
        }
      },
      "case@1.6.3": {
        "integrity": "sha512-mzDSXIPaFwVDvZAHqZ9VlbyF4yyXRuX6IvB06WvPYkqJVO24kX1PPhv9bfpKNFZyxYFmmgo03HUiD8iklmJYRQ==",
        "dependencies": {}
      },
      "concat-map@0.0.1": {
        "integrity": "sha512-/Srv4dswyQNBfohGpz9o6Yb3Gz3SrUDqBH5rTuhGR7ahtlbYKnVxw2bCFMRljaA7EXHaXZ8wsHdodFvbkhKmqg==",
        "dependencies": {}
      },
      "constructs@10.1.83": {
        "integrity": "sha512-SXwMtiEMgM5Nmzubk2lHXVCHrSLwzNGyz7ZiV5piLUzmzbm7WQl/o5gzSJTUDPbNa/2JcY3lXYeb1AcCM+2GuQ==",
        "dependencies": {}
      },
      "fs-extra@9.1.0": {
        "integrity": "sha512-hcg3ZmepS30/7BSFqRvoo3DOMQu7IjqxO5nCDt+zM9XWjb33Wg7ziNT+Qvqbuc3+gWpzO02JubVyk2G4Zvo1OQ==",
        "dependencies": {
          "at-least-node": "at-least-node@1.0.0",
          "graceful-fs": "graceful-fs@4.2.10",
          "jsonfile": "jsonfile@6.1.0",
          "universalify": "universalify@2.0.0"
        }
      },
      "fsevents@2.3.2": {
        "integrity": "sha512-xiqMQR4xAeHTuB9uWm+fFRcIOgKBMiOBP+eXiyT7jsgVCq1bkVygt00oASowB7EdtpOHaaPgKt812P9ab+DDKA==",
        "dependencies": {}
      },
      "graceful-fs@4.2.10": {
        "integrity": "sha512-9ByhssR2fPVsNZj478qUUbKfmL0+t5BDVyjShtyZZLiK7ZDAArFFfopyOTj0M05wE2tJPisA4iTnnXl2YoPvOA==",
        "dependencies": {}
      },
      "ignore@5.2.0": {
        "integrity": "sha512-CmxgYGiEPCLhfLnpPp1MoRmifwEIOgjcHXxOBjv7mY96c+eWScsOP9c112ZyLdWHi0FxHjI+4uVhKYp/gcdRmQ==",
        "dependencies": {}
      },
      "jsonfile@6.1.0": {
        "integrity": "sha512-5dgndWOriYSm5cnYaJNhalLNDKOqFwyDB/rr1E9ZsGciGvKPs8R2xYGCacuf3z6K1YKDz182fd+fY3cn3pMqXQ==",
        "dependencies": {
          "graceful-fs": "graceful-fs@4.2.10",
          "universalify": "universalify@2.0.0"
        }
      },
      "jsonschema@1.4.1": {
        "integrity": "sha512-S6cATIPVv1z0IlxdN+zUk5EPjkGCdnhN4wVSBlvoUO1tOLJootbo9CquNJmbIh4yikWHiUedhRYrNPn1arpEmQ==",
        "dependencies": {}
      },
      "lru-cache@6.0.0": {
        "integrity": "sha512-Jo6dJ04CmSjuznwJSS3pUeWmd/H0ffTlkXXgwZi+eq1UCmqQwCh+eLsYOYCwY991i2Fah4h1BEMCx4qThGbsiA==",
        "dependencies": { "yallist": "yallist@4.0.0" }
      },
      "minimatch@3.1.2": {
        "integrity": "sha512-J7p63hRiAjw1NDEww1W7i37+ByIrOWO5XQQAzZ3VOcL0PNybwpfmV/N05zFAzwQ9USyEcX6t3UO+K5aqBQOIHw==",
        "dependencies": { "brace-expansion": "brace-expansion@1.1.11" }
      },
      "punycode@2.1.1": {
        "integrity": "sha512-XRsRjdf+j5ml+y/6GKHPZbrF/8p2Yga0JPtdqTIY2Xe5ohJPD9saDJJLPvp9+NSBprVvevdXZybnj2cv8OEd0A==",
        "dependencies": {}
      },
      "semver@7.3.8": {
        "integrity": "sha512-NB1ctGL5rlHrPJtFDVIVzTyQylMLu9N9VICA6HSFJo8MCGVTMW6gfpicwKmmK/dAjTOrqu5l63JJOpDSrAis3A==",
        "dependencies": { "lru-cache": "lru-cache@6.0.0" }
      },
      "universalify@2.0.0": {
        "integrity": "sha512-hAZsKq7Yy11Zu1DE0OzWjw7nnLZmJZYTDZZyEFHZdUhV8FkH5MCfoU1XMaxXovpyW5nq5scPqq0ZDP9Zyl04oQ==",
        "dependencies": {}
      },
      "yallist@4.0.0": {
        "integrity": "sha512-3wdGidZyq5PB084XLES5TpOSRA3wjXAlIWMhum2kRcv/41Sn2emQ0dycQW4uZXLejwKvg6EsvbdlVL+FYEct7A==",
        "dependencies": {}
      },
      "yaml@1.10.2": {
        "integrity": "sha512-r3vXyErRCYJ7wg28yvBY5VSoAF8ZvlcW9/BwUzEtUsjvX/DKs24dIkuwjtuprwJJHsbyUbLApepYTR1BN4uHrg==",
        "dependencies": {}
      }
    }
  }
}
